{
  "version": 4,
  "terraform_version": "1.15.7",
  "serial": 1,
  "lineage": "a2b8ac61-fb4c-87a3-a6d9-9e2a10a1a38c",
  "outputs": {},
  "resources": [
    {
      "mode": "managed",
      "type": "local_file",
      "name": "example",
      "provider": "provider[\"registry.terraform.io/hashicorp/local\"]",
      "instances": [
        {
          "schema_version": 0,
          "attributes": {
            "content": "Hello, this file was generated by Terraform!",
            "content_base64": null,
            "content_base64sha256": "sMnf0OmSn8z0KNBsb5cL1BTBhPzZxCqo5yKBZ4Wb/ro=",
            "content_base64sha512": "lEdtfnYJwA+cKFm35lBhTFwONN3JsZuUUk2kV1MrjbzFX2apX6C1WDeDFPRUUVSBP1oNKi1Z4/542I8xrDRJvg==",
            "content_md5": "2843f85c24c9fdb98f87349f4146756b",
            "content_sha1": "ef67c7641d93fad26ea51c21e48a914dc801b271",
            "content_sha256": "b0c9dfd0e9929fccf428d06c6f970bd414c184fcd9c42aa8e7228167859bfeba",
            "content_sha512": "94476d7e7609c00f9c2859b7e650614c5c0e34ddc9b19b94524da457532b8dbcc55f66a95fa0b558378314f4545154813f5a0d2a2d59e3fe78d88f31ac3449be",
            "directory_permission": "0777",
            "file_permission": "0777",
            "filename": "./test.txt",
            "id": "ef67c7641d93fad26ea51c21e48a914dc801b271",
            "sensitive_content": null,
            "source": null
          },
          "sensitive_attributes": [
            [
              {
                "type": "get_attr",
                "value": "sensitive_content"
              }
            ]
          ],
          "identity_schema_version": 0
        }
      ]
    }
  ],
  "check_results": null
}
